
Microsoft Visual Studio Solution File, Format Version 12.00
# Visual Studio Version 16
VisualStudioVersion = 16.0.30523.141
MinimumVisualStudioVersion = 10.0.40219.1
Project("{9A19103F-16F7-4668-BE54-9A1E7A4F7556}") = "Plugin.XamarinAppRating", "Plugin.XamarinAppRating\Plugin.XamarinAppRating.csproj", "{86EA2A64-9423-41AF-A764-9C67B68989D2}"
EndProject
Project("{2150E333-8FDC-42A3-9474-1A3956D46DE8}") = "Sample", "Sample", "{BF27B19C-0A8F-45DD-BB6C-1699797225F7}"
EndProject
Project("{FAE04EC0-301F-11D3-BF4B-00C04F79EFBC}") = "TestApp.UWP", "TestApp\TestApp.UWP\TestApp.UWP.csproj", "{41139C06-BF93-4040-B5A1-C32CD2BCF8AC}"
EndProject
Project("{FAE04EC0-301F-11D3-BF4B-00C04F79EFBC}") = "TestApp.Android", "TestApp\TestApp.Android\TestApp.Android.csproj", "{3E8D956C-7F2E-4FFA-8A73-A1A999CA51B2}"
EndProject
Project("{FAE04EC0-301F-11D3-BF4B-00C04F79EFBC}") = "TestApp.iOS", "TestApp\TestApp.iOS\TestApp.iOS.csproj", "{1DCF324F-CA5C-495D-A276-03C2E909B47F}"
EndProject
Project("{9A19103F-16F7-4668-BE54-9A1E7A4F7556}") = "TestApp", "TestApp\TestApp\TestApp.csproj", "{A7C82D9C-2DD2-4285-9D5B-970AB8C41B8A}"
EndProject
Project("{2150E333-8FDC-42A3-9474-1A3956D46DE8}") = "Sample Native", "Sample Native", "{71B2573E-D594-4994-A86E-AB1CF3D1DE2F}"
EndProject
Project("{FAE04EC0-301F-11D3-BF4B-00C04F79EFBC}") = "TestAppNative.Android", "TestAppNative\TestAppNative.Android\TestAppNative.Android.csproj", "{E736A31B-5D65-4F11-939B-D937F78D47D4}"
EndProject
Project("{FAE04EC0-301F-11D3-BF4B-00C04F79EFBC}") = "TestAppNative.UWP", "TestAppNative\TestAppNative.UWP\TestAppNative.UWP.csproj", "{EF4AA607-DC65-431C-9578-E4F671A35B8C}"
EndProject
Project("{FAE04EC0-301F-11D3-BF4B-00C04F79EFBC}") = "TestAppNative.iOS", "TestAppNative\TestAppNative.iOS\TestAppNative.iOS.csproj", "{95B817BE-5FC0-4FD4-A5F1-7629228B0091}"
EndProject
Project("{FAE04EC0-301F-11D3-BF4B-00C04F79EFBC}") = "TestApp.MacOS", "TestApp\TestApp.MacOS\TestApp.MacOS.csproj", "{19312039-DC42-4854-AFAA-52821AA305DD}"
EndProject
Global
	GlobalSection(SolutionConfigurationPlatforms) = preSolution
		Debug|Any CPU = Debug|Any CPU
		Debug|ARM = Debug|ARM
		Debug|ARM64 = Debug|ARM64
		Debug|iPhone = Debug|iPhone
		Debug|iPhoneSimulator = Debug|iPhoneSimulator
		Debug|x64 = Debug|x64
		Debug|x86 = Debug|x86
		Release|Any CPU = Release|Any CPU
		Release|ARM = Release|ARM
		Release|ARM64 = Release|ARM64
		Release|iPhone = Release|iPhone
		Release|iPhoneSimulator = Release|iPhoneSimulator
		Release|x64 = Release|x64
		Release|x86 = Release|x86
	EndGlobalSection
	GlobalSection(ProjectConfigurationPlatforms) = postSolution
		{86EA2A64-9423-41AF-A764-9C67B68989D2}.Debug|Any CPU.ActiveCfg = Debug|Any CPU
		{86EA2A64-9423-41AF-A764-9C67B68989D2}.Debug|Any CPU.Build.0 = Debug|Any CPU
		{86EA2A64-9423-41AF-A764-9C67B68989D2}.Debug|ARM.ActiveCfg = Debug|Any CPU
		{86EA2A64-9423-41AF-A764-9C67B68989D2}.Debug|ARM.Build.0 = Debug|Any CPU
		{86EA2A64-9423-41AF-A764-9C67B68989D2}.Debug|ARM64.ActiveCfg = Debug|Any CPU
		{86EA2A64-9423-41AF-A764-9C67B68989D2}.Debug|ARM64.Build.0 = Debug|Any CPU
		{86EA2A64-9423-41AF-A764-9C67B68989D2}.Debug|iPhone.ActiveCfg = Debug|Any CPU
		{86EA2A64-9423-41AF-A764-9C67B68989D2}.Debug|iPhone.Build.0 = Debug|Any CPU
		{86EA2A64-9423-41AF-A764-9C67B68989D2}.Debug|iPhoneSimulator.ActiveCfg = Debug|Any CPU
		{86EA2A64-9423-41AF-A764-9C67B68989D2}.Debug|iPhoneSimulator.Build.0 = Debug|Any CPU
		{86EA2A64-9423-41AF-A764-9C67B68989D2}.Debug|x64.ActiveCfg = Debug|Any CPU
		{86EA2A64-9423-41AF-A764-9C67B68989D2}.Debug|x64.Build.0 = Debug|Any CPU
		{86EA2A64-9423-41AF-A764-9C67B68989D2}.Debug|x86.ActiveCfg = Debug|Any CPU
		{86EA2A64-9423-41AF-A764-9C67B68989D2}.Debug|x86.Build.0 = Debug|Any CPU
		{86EA2A64-9423-41AF-A764-9C67B68989D2}.Release|Any CPU.ActiveCfg = Release|Any CPU
		{86EA2A64-9423-41AF-A764-9C67B68989D2}.Release|Any CPU.Build.0 = Release|Any CPU
		{86EA2A64-9423-41AF-A764-9C67B68989D2}.Release|ARM.ActiveCfg = Release|Any CPU
		{86EA2A64-9423-41AF-A764-9C67B68989D2}.Release|ARM.Build.0 = Release|Any CPU
		{86EA2A64-9423-41AF-A764-9C67B68989D2}.Release|ARM64.ActiveCfg = Release|Any CPU
		{86EA2A64-9423-41AF-A764-9C67B68989D2}.Release|ARM64.Build.0 = Release|Any CPU
		{86EA2A64-9423-41AF-A764-9C67B68989D2}.Release|iPhone.ActiveCfg = Release|Any CPU
		{86EA2A64-9423-41AF-A764-9C67B68989D2}.Release|iPhone.Build.0 = Release|Any CPU
		{86EA2A64-9423-41AF-A764-9C67B68989D2}.Release|iPhoneSimulator.ActiveCfg = Release|Any CPU
		{86EA2A64-9423-41AF-A764-9C67B68989D2}.Release|iPhoneSimulator.Build.0 = Release|Any CPU
		{86EA2A64-9423-41AF-A764-9C67B68989D2}.Release|x64.ActiveCfg = Release|Any CPU
		{86EA2A64-9423-41AF-A764-9C67B68989D2}.Release|x64.Build.0 = Release|Any CPU
		{86EA2A64-9423-41AF-A764-9C67B68989D2}.Release|x86.ActiveCfg = Release|Any CPU
		{86EA2A64-9423-41AF-A764-9C67B68989D2}.Release|x86.Build.0 = Release|Any CPU
		{41139C06-BF93-4040-B5A1-C32CD2BCF8AC}.Debug|Any CPU.ActiveCfg = Debug|x86
		{41139C06-BF93-4040-B5A1-C32CD2BCF8AC}.Debug|Any CPU.Build.0 = Debug|x86
		{41139C06-BF93-4040-B5A1-C32CD2BCF8AC}.Debug|Any CPU.Deploy.0 = Debug|x86
		{41139C06-BF93-4040-B5A1-C32CD2BCF8AC}.Debug|ARM.ActiveCfg = Debug|ARM
		{41139C06-BF93-4040-B5A1-C32CD2BCF8AC}.Debug|ARM.Build.0 = Debug|ARM
		{41139C06-BF93-4040-B5A1-C32CD2BCF8AC}.Debug|ARM.Deploy.0 = Debug|ARM
		{41139C06-BF93-4040-B5A1-C32CD2BCF8AC}.Debug|ARM64.ActiveCfg = Debug|x86
		{41139C06-BF93-4040-B5A1-C32CD2BCF8AC}.Debug|iPhone.ActiveCfg = Debug|x86
		{41139C06-BF93-4040-B5A1-C32CD2BCF8AC}.Debug|iPhone.Build.0 = Debug|x86
		{41139C06-BF93-4040-B5A1-C32CD2BCF8AC}.Debug|iPhone.Deploy.0 = Debug|x86
		{41139C06-BF93-4040-B5A1-C32CD2BCF8AC}.Debug|iPhoneSimulator.ActiveCfg = Debug|x86
		{41139C06-BF93-4040-B5A1-C32CD2BCF8AC}.Debug|x64.ActiveCfg = Debug|x64
		{41139C06-BF93-4040-B5A1-C32CD2BCF8AC}.Debug|x64.Build.0 = Debug|x64
		{41139C06-BF93-4040-B5A1-C32CD2BCF8AC}.Debug|x64.Deploy.0 = Debug|x64
		{41139C06-BF93-4040-B5A1-C32CD2BCF8AC}.Debug|x86.ActiveCfg = Debug|x86
		{41139C06-BF93-4040-B5A1-C32CD2BCF8AC}.Debug|x86.Build.0 = Debug|x86
		{41139C06-BF93-4040-B5A1-C32CD2BCF8AC}.Debug|x86.Deploy.0 = Debug|x86
		{41139C06-BF93-4040-B5A1-C32CD2BCF8AC}.Release|Any CPU.ActiveCfg = Release|x86
		{41139C06-BF93-4040-B5A1-C32CD2BCF8AC}.Release|ARM.ActiveCfg = Release|ARM
		{41139C06-BF93-4040-B5A1-C32CD2BCF8AC}.Release|ARM.Build.0 = Release|ARM
		{41139C06-BF93-4040-B5A1-C32CD2BCF8AC}.Release|ARM.Deploy.0 = Release|ARM
		{41139C06-BF93-4040-B5A1-C32CD2BCF8AC}.Release|ARM64.ActiveCfg = Release|x86
		{41139C06-BF93-4040-B5A1-C32CD2BCF8AC}.Release|iPhone.ActiveCfg = Release|x86
		{41139C06-BF93-4040-B5A1-C32CD2BCF8AC}.Release|iPhoneSimulator.ActiveCfg = Release|x86
		{41139C06-BF93-4040-B5A1-C32CD2BCF8AC}.Release|x64.ActiveCfg = Release|x64
		{41139C06-BF93-4040-B5A1-C32CD2BCF8AC}.Release|x64.Build.0 = Release|x64
		{41139C06-BF93-4040-B5A1-C32CD2BCF8AC}.Release|x64.Deploy.0 = Release|x64
		{41139C06-BF93-4040-B5A1-C32CD2BCF8AC}.Release|x86.ActiveCfg = Release|x86
		{41139C06-BF93-4040-B5A1-C32CD2BCF8AC}.Release|x86.Build.0 = Release|x86
		{41139C06-BF93-4040-B5A1-C32CD2BCF8AC}.Release|x86.Deploy.0 = Release|x86
		{3E8D956C-7F2E-4FFA-8A73-A1A999CA51B2}.Debug|Any CPU.ActiveCfg = Debug|Any CPU
		{3E8D956C-7F2E-4FFA-8A73-A1A999CA51B2}.Debug|Any CPU.Build.0 = Debug|Any CPU
		{3E8D956C-7F2E-4FFA-8A73-A1A999CA51B2}.Debug|Any CPU.Deploy.0 = Debug|Any CPU
		{3E8D956C-7F2E-4FFA-8A73-A1A999CA51B2}.Debug|ARM.ActiveCfg = Debug|Any CPU
		{3E8D956C-7F2E-4FFA-8A73-A1A999CA51B2}.Debug|ARM.Build.0 = Debug|Any CPU
		{3E8D956C-7F2E-4FFA-8A73-A1A999CA51B2}.Debug|ARM.Deploy.0 = Debug|Any CPU
		{3E8D956C-7F2E-4FFA-8A73-A1A999CA51B2}.Debug|ARM64.ActiveCfg = Debug|Any CPU
		{3E8D956C-7F2E-4FFA-8A73-A1A999CA51B2}.Debug|ARM64.Build.0 = Debug|Any CPU
		{3E8D956C-7F2E-4FFA-8A73-A1A999CA51B2}.Debug|ARM64.Deploy.0 = Debug|Any CPU
		{3E8D956C-7F2E-4FFA-8A73-A1A999CA51B2}.Debug|iPhone.ActiveCfg = Debug|Any CPU
		{3E8D956C-7F2E-4FFA-8A73-A1A999CA51B2}.Debug|iPhone.Build.0 = Debug|Any CPU
		{3E8D956C-7F2E-4FFA-8A73-A1A999CA51B2}.Debug|iPhone.Deploy.0 = Debug|Any CPU
		{3E8D956C-7F2E-4FFA-8A73-A1A999CA51B2}.Debug|iPhoneSimulator.ActiveCfg = Debug|Any CPU
		{3E8D956C-7F2E-4FFA-8A73-A1A999CA51B2}.Debug|iPhoneSimulator.Build.0 = Debug|Any CPU
		{3E8D956C-7F2E-4FFA-8A73-A1A999CA51B2}.Debug|iPhoneSimulator.Deploy.0 = Debug|Any CPU
		{3E8D956C-7F2E-4FFA-8A73-A1A999CA51B2}.Debug|x64.ActiveCfg = Debug|Any CPU
		{3E8D956C-7F2E-4FFA-8A73-A1A999CA51B2}.Debug|x64.Build.0 = Debug|Any CPU
		{3E8D956C-7F2E-4FFA-8A73-A1A999CA51B2}.Debug|x64.Deploy.0 = Debug|Any CPU
		{3E8D956C-7F2E-4FFA-8A73-A1A999CA51B2}.Debug|x86.ActiveCfg = Debug|Any CPU
		{3E8D956C-7F2E-4FFA-8A73-A1A999CA51B2}.Debug|x86.Build.0 = Debug|Any CPU
		{3E8D956C-7F2E-4FFA-8A73-A1A999CA51B2}.Debug|x86.Deploy.0 = Debug|Any CPU
		{3E8D956C-7F2E-4FFA-8A73-A1A999CA51B2}.Release|Any CPU.ActiveCfg = Release|Any CPU
		{3E8D956C-7F2E-4FFA-8A73-A1A999CA51B2}.Release|Any CPU.Build.0 = Release|Any CPU
		{3E8D956C-7F2E-4FFA-8A73-A1A999CA51B2}.Release|Any CPU.Deploy.0 = Release|Any CPU
		{3E8D956C-7F2E-4FFA-8A73-A1A999CA51B2}.Release|ARM.ActiveCfg = Release|Any CPU
		{3E8D956C-7F2E-4FFA-8A73-A1A999CA51B2}.Release|ARM.Build.0 = Release|Any CPU
		{3E8D956C-7F2E-4FFA-8A73-A1A999CA51B2}.Release|ARM.Deploy.0 = Release|Any CPU
		{3E8D956C-7F2E-4FFA-8A73-A1A999CA51B2}.Release|ARM64.ActiveCfg = Release|Any CPU
		{3E8D956C-7F2E-4FFA-8A73-A1A999CA51B2}.Release|ARM64.Build.0 = Release|Any CPU
		{3E8D956C-7F2E-4FFA-8A73-A1A999CA51B2}.Release|ARM64.Deploy.0 = Release|Any CPU
		{3E8D956C-7F2E-4FFA-8A73-A1A999CA51B2}.Release|iPhone.ActiveCfg = Release|Any CPU
		{3E8D956C-7F2E-4FFA-8A73-A1A999CA51B2}.Release|iPhone.Build.0 = Release|Any CPU
		{3E8D956C-7F2E-4FFA-8A73-A1A999CA51B2}.Release|iPhone.Deploy.0 = Release|Any CPU
		{3E8D956C-7F2E-4FFA-8A73-A1A999CA51B2}.Release|iPhoneSimulator.ActiveCfg = Release|Any CPU
		{3E8D956C-7F2E-4FFA-8A73-A1A999CA51B2}.Release|iPhoneSimulator.Build.0 = Release|Any CPU
		{3E8D956C-7F2E-4FFA-8A73-A1A999CA51B2}.Release|iPhoneSimulator.Deploy.0 = Release|Any CPU
		{3E8D956C-7F2E-4FFA-8A73-A1A999CA51B2}.Release|x64.ActiveCfg = Release|Any CPU
		{3E8D956C-7F2E-4FFA-8A73-A1A999CA51B2}.Release|x64.Build.0 = Release|Any CPU
		{3E8D956C-7F2E-4FFA-8A73-A1A999CA51B2}.Release|x64.Deploy.0 = Release|Any CPU
		{3E8D956C-7F2E-4FFA-8A73-A1A999CA51B2}.Release|x86.ActiveCfg = Release|Any CPU
		{3E8D956C-7F2E-4FFA-8A73-A1A999CA51B2}.Release|x86.Build.0 = Release|Any CPU
		{3E8D956C-7F2E-4FFA-8A73-A1A999CA51B2}.Release|x86.Deploy.0 = Release|Any CPU
		{1DCF324F-CA5C-495D-A276-03C2E909B47F}.Debug|Any CPU.ActiveCfg = Debug|iPhoneSimulator
		{1DCF324F-CA5C-495D-A276-03C2E909B47F}.Debug|ARM.ActiveCfg = Debug|iPhoneSimulator
		{1DCF324F-CA5C-495D-A276-03C2E909B47F}.Debug|ARM64.ActiveCfg = Debug|iPhone
		{1DCF324F-CA5C-495D-A276-03C2E909B47F}.Debug|iPhone.ActiveCfg = Debug|iPhone
		{1DCF324F-CA5C-495D-A276-03C2E909B47F}.Debug|iPhone.Build.0 = Debug|iPhone
		{1DCF324F-CA5C-495D-A276-03C2E909B47F}.Debug|iPhone.Deploy.0 = Debug|iPhone
		{1DCF324F-CA5C-495D-A276-03C2E909B47F}.Debug|iPhoneSimulator.ActiveCfg = Debug|iPhoneSimulator
		{1DCF324F-CA5C-495D-A276-03C2E909B47F}.Debug|iPhoneSimulator.Build.0 = Debug|iPhoneSimulator
		{1DCF324F-CA5C-495D-A276-03C2E909B47F}.Debug|x64.ActiveCfg = Debug|iPhoneSimulator
		{1DCF324F-CA5C-495D-A276-03C2E909B47F}.Debug|x86.ActiveCfg = Debug|iPhoneSimulator
		{1DCF324F-CA5C-495D-A276-03C2E909B47F}.Release|Any CPU.ActiveCfg = Release|iPhoneSimulator
		{1DCF324F-CA5C-495D-A276-03C2E909B47F}.Release|ARM.ActiveCfg = Release|iPhoneSimulator
		{1DCF324F-CA5C-495D-A276-03C2E909B47F}.Release|ARM64.ActiveCfg = Release|iPhone
		{1DCF324F-CA5C-495D-A276-03C2E909B47F}.Release|iPhone.ActiveCfg = Release|iPhone
		{1DCF324F-CA5C-495D-A276-03C2E909B47F}.Release|iPhone.Build.0 = Release|iPhone
		{1DCF324F-CA5C-495D-A276-03C2E909B47F}.Release|iPhoneSimulator.ActiveCfg = Release|iPhoneSimulator
		{1DCF324F-CA5C-495D-A276-03C2E909B47F}.Release|iPhoneSimulator.Build.0 = Release|iPhoneSimulator
		{1DCF324F-CA5C-495D-A276-03C2E909B47F}.Release|x64.ActiveCfg = Release|iPhoneSimulator
		{1DCF324F-CA5C-495D-A276-03C2E909B47F}.Release|x86.ActiveCfg = Release|iPhoneSimulator
		{A7C82D9C-2DD2-4285-9D5B-970AB8C41B8A}.Debug|Any CPU.ActiveCfg = Debug|Any CPU
		{A7C82D9C-2DD2-4285-9D5B-970AB8C41B8A}.Debug|Any CPU.Build.0 = Debug|Any CPU
		{A7C82D9C-2DD2-4285-9D5B-970AB8C41B8A}.Debug|ARM.ActiveCfg = Debug|Any CPU
		{A7C82D9C-2DD2-4285-9D5B-970AB8C41B8A}.Debug|ARM.Build.0 = Debug|Any CPU
		{A7C82D9C-2DD2-4285-9D5B-970AB8C41B8A}.Debug|ARM64.ActiveCfg = Debug|Any CPU
		{A7C82D9C-2DD2-4285-9D5B-970AB8C41B8A}.Debug|ARM64.Build.0 = Debug|Any CPU
		{A7C82D9C-2DD2-4285-9D5B-970AB8C41B8A}.Debug|iPhone.ActiveCfg = Debug|Any CPU
		{A7C82D9C-2DD2-4285-9D5B-970AB8C41B8A}.Debug|iPhone.Build.0 = Debug|Any CPU
		{A7C82D9C-2DD2-4285-9D5B-970AB8C41B8A}.Debug|iPhoneSimulator.ActiveCfg = Debug|Any CPU
		{A7C82D9C-2DD2-4285-9D5B-970AB8C41B8A}.Debug|iPhoneSimulator.Build.0 = Debug|Any CPU
		{A7C82D9C-2DD2-4285-9D5B-970AB8C41B8A}.Debug|x64.ActiveCfg = Debug|Any CPU
		{A7C82D9C-2DD2-4285-9D5B-970AB8C41B8A}.Debug|x64.Build.0 = Debug|Any CPU
		{A7C82D9C-2DD2-4285-9D5B-970AB8C41B8A}.Debug|x86.ActiveCfg = Debug|Any CPU
		{A7C82D9C-2DD2-4285-9D5B-970AB8C41B8A}.Debug|x86.Build.0 = Debug|Any CPU
		{A7C82D9C-2DD2-4285-9D5B-970AB8C41B8A}.Release|Any CPU.ActiveCfg = Release|Any CPU
		{A7C82D9C-2DD2-4285-9D5B-970AB8C41B8A}.Release|Any CPU.Build.0 = Release|Any CPU
		{A7C82D9C-2DD2-4285-9D5B-970AB8C41B8A}.Release|ARM.ActiveCfg = Release|Any CPU
		{A7C82D9C-2DD2-4285-9D5B-970AB8C41B8A}.Release|ARM.Build.0 = Release|Any CPU
		{A7C82D9C-2DD2-4285-9D5B-970AB8C41B8A}.Release|ARM64.ActiveCfg = Release|Any CPU
		{A7C82D9C-2DD2-4285-9D5B-970AB8C41B8A}.Release|ARM64.Build.0 = Release|Any CPU
		{A7C82D9C-2DD2-4285-9D5B-970AB8C41B8A}.Release|iPhone.ActiveCfg = Release|Any CPU
		{A7C82D9C-2DD2-4285-9D5B-970AB8C41B8A}.Release|iPhone.Build.0 = Release|Any CPU
		{A7C82D9C-2DD2-4285-9D5B-970AB8C41B8A}.Release|iPhoneSimulator.ActiveCfg = Release|Any CPU
		{A7C82D9C-2DD2-4285-9D5B-970AB8C41B8A}.Release|iPhoneSimulator.Build.0 = Release|Any CPU
		{A7C82D9C-2DD2-4285-9D5B-970AB8C41B8A}.Release|x64.ActiveCfg = Release|Any CPU
		{A7C82D9C-2DD2-4285-9D5B-970AB8C41B8A}.Release|x64.Build.0 = Release|Any CPU
		{A7C82D9C-2DD2-4285-9D5B-970AB8C41B8A}.Release|x86.ActiveCfg = Release|Any CPU
		{A7C82D9C-2DD2-4285-9D5B-970AB8C41B8A}.Release|x86.Build.0 = Release|Any CPU
		{E736A31B-5D65-4F11-939B-D937F78D47D4}.Debug|Any CPU.ActiveCfg = Debug|Any CPU
		{E736A31B-5D65-4F11-939B-D937F78D47D4}.Debug|Any CPU.Build.0 = Debug|Any CPU
		{E736A31B-5D65-4F11-939B-D937F78D47D4}.Debug|Any CPU.Deploy.0 = Debug|Any CPU
		{E736A31B-5D65-4F11-939B-D937F78D47D4}.Debug|ARM.ActiveCfg = Debug|Any CPU
		{E736A31B-5D65-4F11-939B-D937F78D47D4}.Debug|ARM.Build.0 = Debug|Any CPU
		{E736A31B-5D65-4F11-939B-D937F78D47D4}.Debug|ARM.Deploy.0 = Debug|Any CPU
		{E736A31B-5D65-4F11-939B-D937F78D47D4}.Debug|ARM64.ActiveCfg = Debug|Any CPU
		{E736A31B-5D65-4F11-939B-D937F78D47D4}.Debug|ARM64.Build.0 = Debug|Any CPU
		{E736A31B-5D65-4F11-939B-D937F78D47D4}.Debug|ARM64.Deploy.0 = Debug|Any CPU
		{E736A31B-5D65-4F11-939B-D937F78D47D4}.Debug|iPhone.ActiveCfg = Debug|Any CPU
		{E736A31B-5D65-4F11-939B-D937F78D47D4}.Debug|iPhone.Build.0 = Debug|Any CPU
		{E736A31B-5D65-4F11-939B-D937F78D47D4}.Debug|iPhone.Deploy.0 = Debug|Any CPU
		{E736A31B-5D65-4F11-939B-D937F78D47D4}.Debug|iPhoneSimulator.ActiveCfg = Debug|Any CPU
		{E736A31B-5D65-4F11-939B-D937F78D47D4}.Debug|iPhoneSimulator.Build.0 = Debug|Any CPU
		{E736A31B-5D65-4F11-939B-D937F78D47D4}.Debug|iPhoneSimulator.Deploy.0 = Debug|Any CPU
		{E736A31B-5D65-4F11-939B-D937F78D47D4}.Debug|x64.ActiveCfg = Debug|Any CPU
		{E736A31B-5D65-4F11-939B-D937F78D47D4}.Debug|x64.Build.0 = Debug|Any CPU
		{E736A31B-5D65-4F11-939B-D937F78D47D4}.Debug|x64.Deploy.0 = Debug|Any CPU
		{E736A31B-5D65-4F11-939B-D937F78D47D4}.Debug|x86.ActiveCfg = Debug|Any CPU
		{E736A31B-5D65-4F11-939B-D937F78D47D4}.Debug|x86.Build.0 = Debug|Any CPU
		{E736A31B-5D65-4F11-939B-D937F78D47D4}.Debug|x86.Deploy.0 = Debug|Any CPU
		{E736A31B-5D65-4F11-939B-D937F78D47D4}.Release|Any CPU.ActiveCfg = Release|Any CPU
		{E736A31B-5D65-4F11-939B-D937F78D47D4}.Release|Any CPU.Build.0 = Release|Any CPU
		{E736A31B-5D65-4F11-939B-D937F78D47D4}.Release|Any CPU.Deploy.0 = Release|Any CPU
		{E736A31B-5D65-4F11-939B-D937F78D47D4}.Release|ARM.ActiveCfg = Release|Any CPU
		{E736A31B-5D65-4F11-939B-D937F78D47D4}.Release|ARM.Build.0 = Release|Any CPU
		{E736A31B-5D65-4F11-939B-D937F78D47D4}.Release|ARM.Deploy.0 = Release|Any CPU
		{E736A31B-5D65-4F11-939B-D937F78D47D4}.Release|ARM64.ActiveCfg = Release|Any CPU
		{E736A31B-5D65-4F11-939B-D937F78D47D4}.Release|ARM64.Build.0 = Release|Any CPU
		{E736A31B-5D65-4F11-939B-D937F78D47D4}.Release|ARM64.Deploy.0 = Release|Any CPU
		{E736A31B-5D65-4F11-939B-D937F78D47D4}.Release|iPhone.ActiveCfg = Release|Any CPU
		{E736A31B-5D65-4F11-939B-D937F78D47D4}.Release|iPhone.Build.0 = Release|Any CPU
		{E736A31B-5D65-4F11-939B-D937F78D47D4}.Release|iPhone.Deploy.0 = Release|Any CPU
		{E736A31B-5D65-4F11-939B-D937F78D47D4}.Release|iPhoneSimulator.ActiveCfg = Release|Any CPU
		{E736A31B-5D65-4F11-939B-D937F78D47D4}.Release|iPhoneSimulator.Build.0 = Release|Any CPU
		{E736A31B-5D65-4F11-939B-D937F78D47D4}.Release|iPhoneSimulator.Deploy.0 = Release|Any CPU
		{E736A31B-5D65-4F11-939B-D937F78D47D4}.Release|x64.ActiveCfg = Release|Any CPU
		{E736A31B-5D65-4F11-939B-D937F78D47D4}.Release|x64.Build.0 = Release|Any CPU
		{E736A31B-5D65-4F11-939B-D937F78D47D4}.Release|x64.Deploy.0 = Release|Any CPU
		{E736A31B-5D65-4F11-939B-D937F78D47D4}.Release|x86.ActiveCfg = Release|Any CPU
		{E736A31B-5D65-4F11-939B-D937F78D47D4}.Release|x86.Build.0 = Release|Any CPU
		{E736A31B-5D65-4F11-939B-D937F78D47D4}.Release|x86.Deploy.0 = Release|Any CPU
		{EF4AA607-DC65-431C-9578-E4F671A35B8C}.Debug|Any CPU.ActiveCfg = Debug|x86
		{EF4AA607-DC65-431C-9578-E4F671A35B8C}.Debug|Any CPU.Build.0 = Debug|x86
		{EF4AA607-DC65-431C-9578-E4F671A35B8C}.Debug|Any CPU.Deploy.0 = Debug|x86
		{EF4AA607-DC65-431C-9578-E4F671A35B8C}.Debug|ARM.ActiveCfg = Debug|ARM
		{EF4AA607-DC65-431C-9578-E4F671A35B8C}.Debug|ARM.Build.0 = Debug|ARM
		{EF4AA607-DC65-431C-9578-E4F671A35B8C}.Debug|ARM.Deploy.0 = Debug|ARM
		{EF4AA607-DC65-431C-9578-E4F671A35B8C}.Debug|ARM64.ActiveCfg = Debug|ARM64
		{EF4AA607-DC65-431C-9578-E4F671A35B8C}.Debug|ARM64.Build.0 = Debug|ARM64
		{EF4AA607-DC65-431C-9578-E4F671A35B8C}.Debug|ARM64.Deploy.0 = Debug|ARM64
		{EF4AA607-DC65-431C-9578-E4F671A35B8C}.Debug|iPhone.ActiveCfg = Debug|x86
		{EF4AA607-DC65-431C-9578-E4F671A35B8C}.Debug|iPhone.Build.0 = Debug|x86
		{EF4AA607-DC65-431C-9578-E4F671A35B8C}.Debug|iPhone.Deploy.0 = Debug|x86
		{EF4AA607-DC65-431C-9578-E4F671A35B8C}.Debug|iPhoneSimulator.ActiveCfg = Debug|x86
		{EF4AA607-DC65-431C-9578-E4F671A35B8C}.Debug|x64.ActiveCfg = Debug|x64
		{EF4AA607-DC65-431C-9578-E4F671A35B8C}.Debug|x64.Build.0 = Debug|x64
		{EF4AA607-DC65-431C-9578-E4F671A35B8C}.Debug|x64.Deploy.0 = Debug|x64
		{EF4AA607-DC65-431C-9578-E4F671A35B8C}.Debug|x86.ActiveCfg = Debug|x86
		{EF4AA607-DC65-431C-9578-E4F671A35B8C}.Debug|x86.Build.0 = Debug|x86
		{EF4AA607-DC65-431C-9578-E4F671A35B8C}.Debug|x86.Deploy.0 = Debug|x86
		{EF4AA607-DC65-431C-9578-E4F671A35B8C}.Release|Any CPU.ActiveCfg = Release|x86
		{EF4AA607-DC65-431C-9578-E4F671A35B8C}.Release|ARM.ActiveCfg = Release|ARM
		{EF4AA607-DC65-431C-9578-E4F671A35B8C}.Release|ARM.Build.0 = Release|ARM
		{EF4AA607-DC65-431C-9578-E4F671A35B8C}.Release|ARM.Deploy.0 = Release|ARM
		{EF4AA607-DC65-431C-9578-E4F671A35B8C}.Release|ARM64.ActiveCfg = Release|ARM64
		{EF4AA607-DC65-431C-9578-E4F671A35B8C}.Release|ARM64.Build.0 = Release|ARM64
		{EF4AA607-DC65-431C-9578-E4F671A35B8C}.Release|ARM64.Deploy.0 = Release|ARM64
		{EF4AA607-DC65-431C-9578-E4F671A35B8C}.Release|iPhone.ActiveCfg = Release|x86
		{EF4AA607-DC65-431C-9578-E4F671A35B8C}.Release|iPhoneSimulator.ActiveCfg = Release|x86
		{EF4AA607-DC65-431C-9578-E4F671A35B8C}.Release|x64.ActiveCfg = Release|x64
		{EF4AA607-DC65-431C-9578-E4F671A35B8C}.Release|x64.Build.0 = Release|x64
		{EF4AA607-DC65-431C-9578-E4F671A35B8C}.Release|x64.Deploy.0 = Release|x64
		{EF4AA607-DC65-431C-9578-E4F671A35B8C}.Release|x86.ActiveCfg = Release|x86
		{EF4AA607-DC65-431C-9578-E4F671A35B8C}.Release|x86.Build.0 = Release|x86
		{EF4AA607-DC65-431C-9578-E4F671A35B8C}.Release|x86.Deploy.0 = Release|x86
		{95B817BE-5FC0-4FD4-A5F1-7629228B0091}.Debug|Any CPU.ActiveCfg = Debug|iPhoneSimulator
		{95B817BE-5FC0-4FD4-A5F1-7629228B0091}.Debug|ARM.ActiveCfg = Debug|iPhoneSimulator
		{95B817BE-5FC0-4FD4-A5F1-7629228B0091}.Debug|ARM64.ActiveCfg = Debug|iPhoneSimulator
		{95B817BE-5FC0-4FD4-A5F1-7629228B0091}.Debug|iPhone.ActiveCfg = Debug|iPhone
		{95B817BE-5FC0-4FD4-A5F1-7629228B0091}.Debug|iPhone.Build.0 = Debug|iPhone
		{95B817BE-5FC0-4FD4-A5F1-7629228B0091}.Debug|iPhone.Deploy.0 = Debug|iPhone
		{95B817BE-5FC0-4FD4-A5F1-7629228B0091}.Debug|iPhoneSimulator.ActiveCfg = Debug|iPhoneSimulator
		{95B817BE-5FC0-4FD4-A5F1-7629228B0091}.Debug|iPhoneSimulator.Build.0 = Debug|iPhoneSimulator
		{95B817BE-5FC0-4FD4-A5F1-7629228B0091}.Debug|x64.ActiveCfg = Debug|iPhoneSimulator
		{95B817BE-5FC0-4FD4-A5F1-7629228B0091}.Debug|x86.ActiveCfg = Debug|iPhoneSimulator
		{95B817BE-5FC0-4FD4-A5F1-7629228B0091}.Release|Any CPU.ActiveCfg = Release|iPhoneSimulator
		{95B817BE-5FC0-4FD4-A5F1-7629228B0091}.Release|ARM.ActiveCfg = Release|iPhoneSimulator
		{95B817BE-5FC0-4FD4-A5F1-7629228B0091}.Release|ARM64.ActiveCfg = Release|iPhoneSimulator
		{95B817BE-5FC0-4FD4-A5F1-7629228B0091}.Release|iPhone.ActiveCfg = Release|iPhone
		{95B817BE-5FC0-4FD4-A5F1-7629228B0091}.Release|iPhone.Build.0 = Release|iPhone
		{95B817BE-5FC0-4FD4-A5F1-7629228B0091}.Release|iPhoneSimulator.ActiveCfg = Release|iPhoneSimulator
		{95B817BE-5FC0-4FD4-A5F1-7629228B0091}.Release|iPhoneSimulator.Build.0 = Release|iPhoneSimulator
		{95B817BE-5FC0-4FD4-A5F1-7629228B0091}.Release|x64.ActiveCfg = Release|iPhoneSimulator
		{95B817BE-5FC0-4FD4-A5F1-7629228B0091}.Release|x86.ActiveCfg = Release|iPhoneSimulator
		{19312039-DC42-4854-AFAA-52821AA305DD}.Debug|Any CPU.ActiveCfg = Debug|Any CPU
		{19312039-DC42-4854-AFAA-52821AA305DD}.Debug|Any CPU.Build.0 = Debug|Any CPU
		{19312039-DC42-4854-AFAA-52821AA305DD}.Debug|ARM.ActiveCfg = Debug|Any CPU
		{19312039-DC42-4854-AFAA-52821AA305DD}.Debug|ARM.Build.0 = Debug|Any CPU
		{19312039-DC42-4854-AFAA-52821AA305DD}.Debug|ARM64.ActiveCfg = Debug|Any CPU
		{19312039-DC42-4854-AFAA-52821AA305DD}.Debug|ARM64.Build.0 = Debug|Any CPU
		{19312039-DC42-4854-AFAA-52821AA305DD}.Debug|iPhone.ActiveCfg = Debug|Any CPU
		{19312039-DC42-4854-AFAA-52821AA305DD}.Debug|iPhone.Build.0 = Debug|Any CPU
		{19312039-DC42-4854-AFAA-52821AA305DD}.Debug|iPhoneSimulator.ActiveCfg = Debug|Any CPU
		{19312039-DC42-4854-AFAA-52821AA305DD}.Debug|iPhoneSimulator.Build.0 = Debug|Any CPU
		{19312039-DC42-4854-AFAA-52821AA305DD}.Debug|x64.ActiveCfg = Debug|Any CPU
		{19312039-DC42-4854-AFAA-52821AA305DD}.Debug|x64.Build.0 = Debug|Any CPU
		{19312039-DC42-4854-AFAA-52821AA305DD}.Debug|x86.ActiveCfg = Debug|Any CPU
		{19312039-DC42-4854-AFAA-52821AA305DD}.Debug|x86.Build.0 = Debug|Any CPU
		{19312039-DC42-4854-AFAA-52821AA305DD}.Release|Any CPU.ActiveCfg = Release|Any CPU
		{19312039-DC42-4854-AFAA-52821AA305DD}.Release|Any CPU.Build.0 = Release|Any CPU
		{19312039-DC42-4854-AFAA-52821AA305DD}.Release|ARM.ActiveCfg = Release|Any CPU
		{19312039-DC42-4854-AFAA-52821AA305DD}.Release|ARM.Build.0 = Release|Any CPU
		{19312039-DC42-4854-AFAA-52821AA305DD}.Release|ARM64.ActiveCfg = Release|Any CPU
		{19312039-DC42-4854-AFAA-52821AA305DD}.Release|ARM64.Build.0 = Release|Any CPU
		{19312039-DC42-4854-AFAA-52821AA305DD}.Release|iPhone.ActiveCfg = Release|Any CPU
		{19312039-DC42-4854-AFAA-52821AA305DD}.Release|iPhone.Build.0 = Release|Any CPU
		{19312039-DC42-4854-AFAA-52821AA305DD}.Release|iPhoneSimulator.ActiveCfg = Release|Any CPU
		{19312039-DC42-4854-AFAA-52821AA305DD}.Release|iPhoneSimulator.Build.0 = Release|Any CPU
		{19312039-DC42-4854-AFAA-52821AA305DD}.Release|x64.ActiveCfg = Release|Any CPU
		{19312039-DC42-4854-AFAA-52821AA305DD}.Release|x64.Build.0 = Release|Any CPU
		{19312039-DC42-4854-AFAA-52821AA305DD}.Release|x86.ActiveCfg = Release|Any CPU
		{19312039-DC42-4854-AFAA-52821AA305DD}.Release|x86.Build.0 = Release|Any CPU
	EndGlobalSection
	GlobalSection(SolutionProperties) = preSolution
		HideSolutionNode = FALSE
	EndGlobalSection
	GlobalSection(NestedProjects) = preSolution
		{41139C06-BF93-4040-B5A1-C32CD2BCF8AC} = {BF27B19C-0A8F-45DD-BB6C-1699797225F7}
		{3E8D956C-7F2E-4FFA-8A73-A1A999CA51B2} = {BF27B19C-0A8F-45DD-BB6C-1699797225F7}
		{1DCF324F-CA5C-495D-A276-03C2E909B47F} = {BF27B19C-0A8F-45DD-BB6C-1699797225F7}
		{A7C82D9C-2DD2-4285-9D5B-970AB8C41B8A} = {BF27B19C-0A8F-45DD-BB6C-1699797225F7}
		{E736A31B-5D65-4F11-939B-D937F78D47D4} = {71B2573E-D594-4994-A86E-AB1CF3D1DE2F}
		{EF4AA607-DC65-431C-9578-E4F671A35B8C} = {71B2573E-D594-4994-A86E-AB1CF3D1DE2F}
		{95B817BE-5FC0-4FD4-A5F1-7629228B0091} = {71B2573E-D594-4994-A86E-AB1CF3D1DE2F}
	EndGlobalSection
	GlobalSection(ExtensibilityGlobals) = postSolution
		SolutionGuid = {33B3E34A-4AE4-48EA-9A25-A16EE687B7B8}
	EndGlobalSection
EndGlobal
